{
  "name": "assignment04-npm-practice",
  "version": "1.0.0",
  "lockfileVersion": 3,
  "requires": true,
  "packages": {
    "": {
      "name": "assignment04-npm-practice",
      "version": "1.0.0",
      "license": "ISC",
      "dependencies": {
        "underscore": "^1.13.6",
        "underscore-functions": "^0.9.0"
      }
    },
    "node_modules/underscore": {
      "version": "1.13.6",
      "resolved": "https://registry.npmjs.org/underscore/-/underscore-1.13.6.tgz",
      "integrity": "sha512-+A5Sja4HP1M08MaXya7p5LvjuM7K6q/2EaC0+iovj/wOcMsTzMvDFbasi/oSapiwOlt252IqsKqPjCl7huKS0A=="
    },
    "node_modules/underscore-functions": {
      "version": "0.9.0",
      "resolved": "https://registry.npmjs.org/underscore-functions/-/underscore-functions-0.9.0.tgz",
      "integrity": "sha512-8Jks6s94t3QrB2ZZ5N7f6GEOTkI5GrwalwW7IGIjK4PKBsrox0dr55cDve68Gx1Fyeqlr0wB44dKUQeSENpp9w==",
      "engines": {
        "node": ">=4.0.0"
      }
    }
  }
}
